
Microsoft Visual Studio Solution File, Format Version 12.00
# Visual Studio Version 16
VisualStudioVersion = 16.0.31025.194
MinimumVisualStudioVersion = 10.0.40219.1
Project("{FAE04EC0-301F-11D3-BF4B-00C04F79EFBC}") = "WinChartApp", "WinChartApp\WinChartApp.csproj", "{8225EA9C-C648-4DE7-ACB7-36516A9303F3}"
EndProject
Project("{FAE04EC0-301F-11D3-BF4B-00C04F79EFBC}") = "ImageViewerApp", "ImageViewerApp\ImageViewerApp.csproj", "{5CC5797A-45E9-4CE3-911C-8F4D652313D3}"
EndProject
Global
	GlobalSection(SolutionConfigurationPlatforms) = preSolution
		Debug|Any CPU = Debug|Any CPU
		Release|Any CPU = Release|Any CPU
	EndGlobalSection
	GlobalSection(ProjectConfigurationPlatforms) = postSolution
		{8225EA9C-C648-4DE7-ACB7-36516A9303F3}.Debug|Any CPU.ActiveCfg = Debug|Any CPU
		{8225EA9C-C648-4DE7-ACB7-36516A9303F3}.Debug|Any CPU.Build.0 = Debug|Any CPU
		{8225EA9C-C648-4DE7-ACB7-36516A9303F3}.Release|Any CPU.ActiveCfg = Release|Any CPU
		{8225EA9C-C648-4DE7-ACB7-36516A9303F3}.Release|Any CPU.Build.0 = Release|Any CPU
		{5CC5797A-45E9-4CE3-911C-8F4D652313D3}.Debug|Any CPU.ActiveCfg = Debug|Any CPU
		{5CC5797A-45E9-4CE3-911C-8F4D652313D3}.Debug|Any CPU.Build.0 = Debug|Any CPU
		{5CC5797A-45E9-4CE3-911C-8F4D652313D3}.Release|Any CPU.ActiveCfg = Release|Any CPU
		{5CC5797A-45E9-4CE3-911C-8F4D652313D3}.Release|Any CPU.Build.0 = Release|Any CPU
	EndGlobalSection
	GlobalSection(SolutionProperties) = preSolution
		HideSolutionNode = FALSE
	EndGlobalSection
	GlobalSection(ExtensibilityGlobals) = postSolution
		SolutionGuid = {8E13AEBE-DD8B-43A5-844A-FE4DE2202011}
	EndGlobalSection
EndGlobal
