
Microsoft Visual Studio Solution File, Format Version 12.00
# Visual Studio Version 16
VisualStudioVersion = 16.0.31025.194
MinimumVisualStudioVersion = 10.0.40219.1
Project("{FAE04EC0-301F-11D3-BF4B-00C04F79EFBC}") = "ConfirmWinApp", "ConfirmWinApp\ConfirmWinApp.csproj", "{60E1AA4F-A306-4104-9AAA-5E3F54922191}"
EndProject
Project("{FAE04EC0-301F-11D3-BF4B-00C04F79EFBC}") = "PracticeWinApp", "PracticeWinApp\PracticeWinApp.csproj", "{7700C7FF-01EF-4F58-93F9-98B6AA592610}"
EndProject
Project("{FAE04EC0-301F-11D3-BF4B-00C04F79EFBC}") = "LableTestApp", "LableTestApp\LableTestApp.csproj", "{BB6547C0-E1A1-45E4-A87C-024091765C4D}"
EndProject
Project("{FAE04EC0-301F-11D3-BF4B-00C04F79EFBC}") = "FlagWinApp", "FlagWinApp\FlagWinApp.csproj", "{88C5B4A5-3E0C-4401-A153-B63169402CE1}"
EndProject
Project("{FAE04EC0-301F-11D3-BF4B-00C04F79EFBC}") = "CheckBoxWinApp", "CheckBoxWinApp\CheckBoxWinApp.csproj", "{AD2B3BCB-9BAD-44D5-8EBF-B9A464672664}"
EndProject
Project("{FAE04EC0-301F-11D3-BF4B-00C04F79EFBC}") = "RadioWinApp", "RadioWinApp\RadioWinApp.csproj", "{A33FB52A-7774-42DB-ABB9-B4BB971C67AC}"
EndProject
Project("{FAE04EC0-301F-11D3-BF4B-00C04F79EFBC}") = "LoginApp", "LoginApp\LoginApp.csproj", "{9FD55492-2F8C-4B11-B59A-52E79A3E8425}"
EndProject
Project("{FAE04EC0-301F-11D3-BF4B-00C04F79EFBC}") = "MaskedTextApp", "MaskedTextApp\MaskedTextApp.csproj", "{0DDC22F0-A4D8-43CA-88F5-9B052D6F1EF6}"
EndProject
Project("{FAE04EC0-301F-11D3-BF4B-00C04F79EFBC}") = "ColorChangerApp", "ColorChangerApp\ColorChangerApp.csproj", "{EA2BA046-6BC4-441F-9B17-E1FE4EBF2FC9}"
EndProject
Global
	GlobalSection(SolutionConfigurationPlatforms) = preSolution
		Debug|Any CPU = Debug|Any CPU
		Release|Any CPU = Release|Any CPU
	EndGlobalSection
	GlobalSection(ProjectConfigurationPlatforms) = postSolution
		{60E1AA4F-A306-4104-9AAA-5E3F54922191}.Debug|Any CPU.ActiveCfg = Debug|Any CPU
		{60E1AA4F-A306-4104-9AAA-5E3F54922191}.Debug|Any CPU.Build.0 = Debug|Any CPU
		{60E1AA4F-A306-4104-9AAA-5E3F54922191}.Release|Any CPU.ActiveCfg = Release|Any CPU
		{60E1AA4F-A306-4104-9AAA-5E3F54922191}.Release|Any CPU.Build.0 = Release|Any CPU
		{7700C7FF-01EF-4F58-93F9-98B6AA592610}.Debug|Any CPU.ActiveCfg = Debug|Any CPU
		{7700C7FF-01EF-4F58-93F9-98B6AA592610}.Debug|Any CPU.Build.0 = Debug|Any CPU
		{7700C7FF-01EF-4F58-93F9-98B6AA592610}.Release|Any CPU.ActiveCfg = Release|Any CPU
		{7700C7FF-01EF-4F58-93F9-98B6AA592610}.Release|Any CPU.Build.0 = Release|Any CPU
		{BB6547C0-E1A1-45E4-A87C-024091765C4D}.Debug|Any CPU.ActiveCfg = Debug|Any CPU
		{BB6547C0-E1A1-45E4-A87C-024091765C4D}.Debug|Any CPU.Build.0 = Debug|Any CPU
		{BB6547C0-E1A1-45E4-A87C-024091765C4D}.Release|Any CPU.ActiveCfg = Release|Any CPU
		{BB6547C0-E1A1-45E4-A87C-024091765C4D}.Release|Any CPU.Build.0 = Release|Any CPU
		{88C5B4A5-3E0C-4401-A153-B63169402CE1}.Debug|Any CPU.ActiveCfg = Debug|Any CPU
		{88C5B4A5-3E0C-4401-A153-B63169402CE1}.Debug|Any CPU.Build.0 = Debug|Any CPU
		{88C5B4A5-3E0C-4401-A153-B63169402CE1}.Release|Any CPU.ActiveCfg = Release|Any CPU
		{88C5B4A5-3E0C-4401-A153-B63169402CE1}.Release|Any CPU.Build.0 = Release|Any CPU
		{AD2B3BCB-9BAD-44D5-8EBF-B9A464672664}.Debug|Any CPU.ActiveCfg = Debug|Any CPU
		{AD2B3BCB-9BAD-44D5-8EBF-B9A464672664}.Debug|Any CPU.Build.0 = Debug|Any CPU
		{AD2B3BCB-9BAD-44D5-8EBF-B9A464672664}.Release|Any CPU.ActiveCfg = Release|Any CPU
		{AD2B3BCB-9BAD-44D5-8EBF-B9A464672664}.Release|Any CPU.Build.0 = Release|Any CPU
		{A33FB52A-7774-42DB-ABB9-B4BB971C67AC}.Debug|Any CPU.ActiveCfg = Debug|Any CPU
		{A33FB52A-7774-42DB-ABB9-B4BB971C67AC}.Debug|Any CPU.Build.0 = Debug|Any CPU
		{A33FB52A-7774-42DB-ABB9-B4BB971C67AC}.Release|Any CPU.ActiveCfg = Release|Any CPU
		{A33FB52A-7774-42DB-ABB9-B4BB971C67AC}.Release|Any CPU.Build.0 = Release|Any CPU
		{9FD55492-2F8C-4B11-B59A-52E79A3E8425}.Debug|Any CPU.ActiveCfg = Debug|Any CPU
		{9FD55492-2F8C-4B11-B59A-52E79A3E8425}.Debug|Any CPU.Build.0 = Debug|Any CPU
		{9FD55492-2F8C-4B11-B59A-52E79A3E8425}.Release|Any CPU.ActiveCfg = Release|Any CPU
		{9FD55492-2F8C-4B11-B59A-52E79A3E8425}.Release|Any CPU.Build.0 = Release|Any CPU
		{0DDC22F0-A4D8-43CA-88F5-9B052D6F1EF6}.Debug|Any CPU.ActiveCfg = Debug|Any CPU
		{0DDC22F0-A4D8-43CA-88F5-9B052D6F1EF6}.Debug|Any CPU.Build.0 = Debug|Any CPU
		{0DDC22F0-A4D8-43CA-88F5-9B052D6F1EF6}.Release|Any CPU.ActiveCfg = Release|Any CPU
		{0DDC22F0-A4D8-43CA-88F5-9B052D6F1EF6}.Release|Any CPU.Build.0 = Release|Any CPU
		{EA2BA046-6BC4-441F-9B17-E1FE4EBF2FC9}.Debug|Any CPU.ActiveCfg = Debug|Any CPU
		{EA2BA046-6BC4-441F-9B17-E1FE4EBF2FC9}.Debug|Any CPU.Build.0 = Debug|Any CPU
		{EA2BA046-6BC4-441F-9B17-E1FE4EBF2FC9}.Release|Any CPU.ActiveCfg = Release|Any CPU
		{EA2BA046-6BC4-441F-9B17-E1FE4EBF2FC9}.Release|Any CPU.Build.0 = Release|Any CPU
	EndGlobalSection
	GlobalSection(SolutionProperties) = preSolution
		HideSolutionNode = FALSE
	EndGlobalSection
	GlobalSection(ExtensibilityGlobals) = postSolution
		SolutionGuid = {AFEA5E44-01D7-442F-93A6-508F0558C1A1}
	EndGlobalSection
EndGlobal
