
Microsoft Visual Studio Solution File, Format Version 12.00
# Visual Studio Version 16
VisualStudioVersion = 16.0.31025.194
MinimumVisualStudioVersion = 10.0.40219.1
Project("{FAE04EC0-301F-11D3-BF4B-00C04F79EFBC}") = "WinCalculatorApp", "WinCalculatorApp\WinCalculatorApp.csproj", "{14C7C814-D7F7-459E-AACB-9E39AE8508B6}"
EndProject
Project("{FAE04EC0-301F-11D3-BF4B-00C04F79EFBC}") = "MyNotePadApp", "MyNotePadApp\MyNotePadApp.csproj", "{6DF7D146-CEE6-4D3A-947F-805C78617036}"
EndProject
Global
	GlobalSection(SolutionConfigurationPlatforms) = preSolution
		Debug|Any CPU = Debug|Any CPU
		Release|Any CPU = Release|Any CPU
	EndGlobalSection
	GlobalSection(ProjectConfigurationPlatforms) = postSolution
		{14C7C814-D7F7-459E-AACB-9E39AE8508B6}.Debug|Any CPU.ActiveCfg = Debug|Any CPU
		{14C7C814-D7F7-459E-AACB-9E39AE8508B6}.Debug|Any CPU.Build.0 = Debug|Any CPU
		{14C7C814-D7F7-459E-AACB-9E39AE8508B6}.Release|Any CPU.ActiveCfg = Release|Any CPU
		{14C7C814-D7F7-459E-AACB-9E39AE8508B6}.Release|Any CPU.Build.0 = Release|Any CPU
		{6DF7D146-CEE6-4D3A-947F-805C78617036}.Debug|Any CPU.ActiveCfg = Debug|Any CPU
		{6DF7D146-CEE6-4D3A-947F-805C78617036}.Debug|Any CPU.Build.0 = Debug|Any CPU
		{6DF7D146-CEE6-4D3A-947F-805C78617036}.Release|Any CPU.ActiveCfg = Release|Any CPU
		{6DF7D146-CEE6-4D3A-947F-805C78617036}.Release|Any CPU.Build.0 = Release|Any CPU
	EndGlobalSection
	GlobalSection(SolutionProperties) = preSolution
		HideSolutionNode = FALSE
	EndGlobalSection
	GlobalSection(ExtensibilityGlobals) = postSolution
		SolutionGuid = {2D7154AE-DF44-45B8-9352-B7A01E310E0E}
	EndGlobalSection
EndGlobal
