
Microsoft Visual Studio Solution File, Format Version 12.00
# Visual Studio Version 16
VisualStudioVersion = 16.0.31025.194
MinimumVisualStudioVersion = 10.0.40219.1
Project("{FAE04EC0-301F-11D3-BF4B-00C04F79EFBC}") = "StudyHistoryApp", "StudyHistoryApp\StudyHistoryApp.csproj", "{C5FA5421-ACD4-4934-AF28-1DB4A5627BB8}"
EndProject
Project("{FAE04EC0-301F-11D3-BF4B-00C04F79EFBC}") = "DigitalClockApp", "DigitalClockApp\DigitalClockApp.csproj", "{C12CE401-1CC2-4E3B-97E0-8774D1A782FE}"
EndProject
Project("{FAE04EC0-301F-11D3-BF4B-00C04F79EFBC}") = "DateCalcApp", "DateCalcApp\DateCalcApp.csproj", "{435DCB9D-CEE1-4078-870F-7766E0FC4686}"
EndProject
Project("{FAE04EC0-301F-11D3-BF4B-00C04F79EFBC}") = "DigitalAlarmClockApp", "DigitalAlarmClockApp\DigitalAlarmClockApp.csproj", "{E3917652-F81A-474B-9810-47436A60B89C}"
EndProject
Global
	GlobalSection(SolutionConfigurationPlatforms) = preSolution
		Debug|Any CPU = Debug|Any CPU
		Release|Any CPU = Release|Any CPU
	EndGlobalSection
	GlobalSection(ProjectConfigurationPlatforms) = postSolution
		{C5FA5421-ACD4-4934-AF28-1DB4A5627BB8}.Debug|Any CPU.ActiveCfg = Debug|Any CPU
		{C5FA5421-ACD4-4934-AF28-1DB4A5627BB8}.Debug|Any CPU.Build.0 = Debug|Any CPU
		{C5FA5421-ACD4-4934-AF28-1DB4A5627BB8}.Release|Any CPU.ActiveCfg = Release|Any CPU
		{C5FA5421-ACD4-4934-AF28-1DB4A5627BB8}.Release|Any CPU.Build.0 = Release|Any CPU
		{C12CE401-1CC2-4E3B-97E0-8774D1A782FE}.Debug|Any CPU.ActiveCfg = Debug|Any CPU
		{C12CE401-1CC2-4E3B-97E0-8774D1A782FE}.Debug|Any CPU.Build.0 = Debug|Any CPU
		{C12CE401-1CC2-4E3B-97E0-8774D1A782FE}.Release|Any CPU.ActiveCfg = Release|Any CPU
		{C12CE401-1CC2-4E3B-97E0-8774D1A782FE}.Release|Any CPU.Build.0 = Release|Any CPU
		{435DCB9D-CEE1-4078-870F-7766E0FC4686}.Debug|Any CPU.ActiveCfg = Debug|Any CPU
		{435DCB9D-CEE1-4078-870F-7766E0FC4686}.Debug|Any CPU.Build.0 = Debug|Any CPU
		{435DCB9D-CEE1-4078-870F-7766E0FC4686}.Release|Any CPU.ActiveCfg = Release|Any CPU
		{435DCB9D-CEE1-4078-870F-7766E0FC4686}.Release|Any CPU.Build.0 = Release|Any CPU
		{E3917652-F81A-474B-9810-47436A60B89C}.Debug|Any CPU.ActiveCfg = Debug|Any CPU
		{E3917652-F81A-474B-9810-47436A60B89C}.Debug|Any CPU.Build.0 = Debug|Any CPU
		{E3917652-F81A-474B-9810-47436A60B89C}.Release|Any CPU.ActiveCfg = Release|Any CPU
		{E3917652-F81A-474B-9810-47436A60B89C}.Release|Any CPU.Build.0 = Release|Any CPU
	EndGlobalSection
	GlobalSection(SolutionProperties) = preSolution
		HideSolutionNode = FALSE
	EndGlobalSection
	GlobalSection(ExtensibilityGlobals) = postSolution
		SolutionGuid = {AA9D8563-C792-4816-866B-72D6AF9678A7}
	EndGlobalSection
EndGlobal
