
Microsoft Visual Studio Solution File, Format Version 12.00
# Visual Studio Version 16
VisualStudioVersion = 16.0.31025.194
MinimumVisualStudioVersion = 10.0.40219.1
Project("{FAE04EC0-301F-11D3-BF4B-00C04F79EFBC}") = "StudyHistoryApp", "StudyHistoryApp\StudyHistoryApp.csproj", "{C5FA5421-ACD4-4934-AF28-1DB4A5627BB8}"
EndProject
Project("{FAE04EC0-301F-11D3-BF4B-00C04F79EFBC}") = "DigitalClockApp", "DigitalClockApp\DigitalClockApp.csproj", "{C12CE401-1CC2-4E3B-97E0-8774D1A782FE}"
EndProject
Project("{FAE04EC0-301F-11D3-BF4B-00C04F79EFBC}") = "DateCalcApp", "DateCalcApp\DateCalcApp.csproj", "{435DCB9D-CEE1-4078-870F-7766E0FC4686}"
EndProject
Project("{FAE04EC0-301F-11D3-BF4B-00C04F79EFBC}") = "DigitalAlarmClockApp", "DigitalAlarmClockApp\DigitalAlarmClockApp.csproj", "{E3917652-F81A-474B-9810-47436A60B89C}"
EndProject
Project("{FAE04EC0-301F-11D3-BF4B-00C04F79EFBC}") = "MoviePlayerApp", "MoviePlayerApp\MoviePlayerApp.csproj", "{DB257719-87D9-47E0-8F4D-FC5667669567}"
EndProject
Project("{FAE04EC0-301F-11D3-BF4B-00C04F79EFBC}") = "TextViewerApp", "TextViewerApp\TextViewerApp.csproj", "{4ECC8DD2-B462-4B30-A29B-DBFA00D82C41}"
EndProject
Project("{FAE04EC0-301F-11D3-BF4B-00C04F79EFBC}") = "SimpleGraphicEditor", "SimpleGraphicEditor\SimpleGraphicEditor.csproj", "{AB9C6639-799A-4404-B68B-D11DCC30E5B4}"
EndProject
Project("{FAE04EC0-301F-11D3-BF4B-00C04F79EFBC}") = "HelloWPFApp", "HelloWPFApp\HelloWPFApp.csproj", "{C766A74B-3389-461D-AC53-2209569FE1F1}"
EndProject
Project("{FAE04EC0-301F-11D3-BF4B-00C04F79EFBC}") = "WpfLayoutApp", "WpfLayoutApp\WpfLayoutApp.csproj", "{DA5C3FC2-B6D6-47FE-A185-90E0B9F9B740}"
EndProject
Project("{FAE04EC0-301F-11D3-BF4B-00C04F79EFBC}") = "BmiCalcApp", "BmiCalcApp\BmiCalcApp.csproj", "{B169DBF8-E7C7-4230-B4B8-214BE9B21FF5}"
EndProject
Project("{FAE04EC0-301F-11D3-BF4B-00C04F79EFBC}") = "BlinkerApp", "BlinkerApp\BlinkerApp.csproj", "{53A8BF30-FFA2-4927-AA0C-4A35B48E8E2F}"
EndProject
Global
	GlobalSection(SolutionConfigurationPlatforms) = preSolution
		Debug|Any CPU = Debug|Any CPU
		Release|Any CPU = Release|Any CPU
	EndGlobalSection
	GlobalSection(ProjectConfigurationPlatforms) = postSolution
		{C5FA5421-ACD4-4934-AF28-1DB4A5627BB8}.Debug|Any CPU.ActiveCfg = Debug|Any CPU
		{C5FA5421-ACD4-4934-AF28-1DB4A5627BB8}.Debug|Any CPU.Build.0 = Debug|Any CPU
		{C5FA5421-ACD4-4934-AF28-1DB4A5627BB8}.Release|Any CPU.ActiveCfg = Release|Any CPU
		{C5FA5421-ACD4-4934-AF28-1DB4A5627BB8}.Release|Any CPU.Build.0 = Release|Any CPU
		{C12CE401-1CC2-4E3B-97E0-8774D1A782FE}.Debug|Any CPU.ActiveCfg = Debug|Any CPU
		{C12CE401-1CC2-4E3B-97E0-8774D1A782FE}.Debug|Any CPU.Build.0 = Debug|Any CPU
		{C12CE401-1CC2-4E3B-97E0-8774D1A782FE}.Release|Any CPU.ActiveCfg = Release|Any CPU
		{C12CE401-1CC2-4E3B-97E0-8774D1A782FE}.Release|Any CPU.Build.0 = Release|Any CPU
		{435DCB9D-CEE1-4078-870F-7766E0FC4686}.Debug|Any CPU.ActiveCfg = Debug|Any CPU
		{435DCB9D-CEE1-4078-870F-7766E0FC4686}.Debug|Any CPU.Build.0 = Debug|Any CPU
		{435DCB9D-CEE1-4078-870F-7766E0FC4686}.Release|Any CPU.ActiveCfg = Release|Any CPU
		{435DCB9D-CEE1-4078-870F-7766E0FC4686}.Release|Any CPU.Build.0 = Release|Any CPU
		{E3917652-F81A-474B-9810-47436A60B89C}.Debug|Any CPU.ActiveCfg = Debug|Any CPU
		{E3917652-F81A-474B-9810-47436A60B89C}.Debug|Any CPU.Build.0 = Debug|Any CPU
		{E3917652-F81A-474B-9810-47436A60B89C}.Release|Any CPU.ActiveCfg = Release|Any CPU
		{E3917652-F81A-474B-9810-47436A60B89C}.Release|Any CPU.Build.0 = Release|Any CPU
		{DB257719-87D9-47E0-8F4D-FC5667669567}.Debug|Any CPU.ActiveCfg = Debug|Any CPU
		{DB257719-87D9-47E0-8F4D-FC5667669567}.Debug|Any CPU.Build.0 = Debug|Any CPU
		{DB257719-87D9-47E0-8F4D-FC5667669567}.Release|Any CPU.ActiveCfg = Release|Any CPU
		{DB257719-87D9-47E0-8F4D-FC5667669567}.Release|Any CPU.Build.0 = Release|Any CPU
		{4ECC8DD2-B462-4B30-A29B-DBFA00D82C41}.Debug|Any CPU.ActiveCfg = Debug|Any CPU
		{4ECC8DD2-B462-4B30-A29B-DBFA00D82C41}.Debug|Any CPU.Build.0 = Debug|Any CPU
		{4ECC8DD2-B462-4B30-A29B-DBFA00D82C41}.Release|Any CPU.ActiveCfg = Release|Any CPU
		{4ECC8DD2-B462-4B30-A29B-DBFA00D82C41}.Release|Any CPU.Build.0 = Release|Any CPU
		{AB9C6639-799A-4404-B68B-D11DCC30E5B4}.Debug|Any CPU.ActiveCfg = Debug|Any CPU
		{AB9C6639-799A-4404-B68B-D11DCC30E5B4}.Debug|Any CPU.Build.0 = Debug|Any CPU
		{AB9C6639-799A-4404-B68B-D11DCC30E5B4}.Release|Any CPU.ActiveCfg = Release|Any CPU
		{AB9C6639-799A-4404-B68B-D11DCC30E5B4}.Release|Any CPU.Build.0 = Release|Any CPU
		{C766A74B-3389-461D-AC53-2209569FE1F1}.Debug|Any CPU.ActiveCfg = Debug|Any CPU
		{C766A74B-3389-461D-AC53-2209569FE1F1}.Debug|Any CPU.Build.0 = Debug|Any CPU
		{C766A74B-3389-461D-AC53-2209569FE1F1}.Release|Any CPU.ActiveCfg = Release|Any CPU
		{C766A74B-3389-461D-AC53-2209569FE1F1}.Release|Any CPU.Build.0 = Release|Any CPU
		{DA5C3FC2-B6D6-47FE-A185-90E0B9F9B740}.Debug|Any CPU.ActiveCfg = Debug|Any CPU
		{DA5C3FC2-B6D6-47FE-A185-90E0B9F9B740}.Debug|Any CPU.Build.0 = Debug|Any CPU
		{DA5C3FC2-B6D6-47FE-A185-90E0B9F9B740}.Release|Any CPU.ActiveCfg = Release|Any CPU
		{DA5C3FC2-B6D6-47FE-A185-90E0B9F9B740}.Release|Any CPU.Build.0 = Release|Any CPU
		{B169DBF8-E7C7-4230-B4B8-214BE9B21FF5}.Debug|Any CPU.ActiveCfg = Debug|Any CPU
		{B169DBF8-E7C7-4230-B4B8-214BE9B21FF5}.Debug|Any CPU.Build.0 = Debug|Any CPU
		{B169DBF8-E7C7-4230-B4B8-214BE9B21FF5}.Release|Any CPU.ActiveCfg = Release|Any CPU
		{B169DBF8-E7C7-4230-B4B8-214BE9B21FF5}.Release|Any CPU.Build.0 = Release|Any CPU
		{53A8BF30-FFA2-4927-AA0C-4A35B48E8E2F}.Debug|Any CPU.ActiveCfg = Debug|Any CPU
		{53A8BF30-FFA2-4927-AA0C-4A35B48E8E2F}.Debug|Any CPU.Build.0 = Debug|Any CPU
		{53A8BF30-FFA2-4927-AA0C-4A35B48E8E2F}.Release|Any CPU.ActiveCfg = Release|Any CPU
		{53A8BF30-FFA2-4927-AA0C-4A35B48E8E2F}.Release|Any CPU.Build.0 = Release|Any CPU
	EndGlobalSection
	GlobalSection(SolutionProperties) = preSolution
		HideSolutionNode = FALSE
	EndGlobalSection
	GlobalSection(ExtensibilityGlobals) = postSolution
		SolutionGuid = {AA9D8563-C792-4816-866B-72D6AF9678A7}
	EndGlobalSection
EndGlobal
